
Microsoft Visual Studio Solution File, Format Version 12.00
# Visual Studio Version 17
VisualStudioVersion = 17.3.32922.545
MinimumVisualStudioVersion = 10.0.40219.1
Project("{9A19103F-16F7-4668-BE54-9A1E7A4F7556}") = "KnightBot", "KnightBot\KnightBot.csproj", "{C7C1CCF2-84D5-450A-AB69-576CF951E8A4}"
EndProject
Global
	GlobalSection(SolutionConfigurationPlatforms) = preSolution
		Debug|Any CPU = Debug|Any CPU
		Release|Any CPU = Release|Any CPU
	EndGlobalSection
	GlobalSection(ProjectConfigurationPlatforms) = postSolution
		{C7C1CCF2-84D5-450A-AB69-576CF951E8A4}.Debug|Any CPU.ActiveCfg = Debug|Any CPU
		{C7C1CCF2-84D5-450A-AB69-576CF951E8A4}.Debug|Any CPU.Build.0 = Debug|Any CPU
		{C7C1CCF2-84D5-450A-AB69-576CF951E8A4}.Release|Any CPU.ActiveCfg = Release|Any CPU
		{C7C1CCF2-84D5-450A-AB69-576CF951E8A4}.Release|Any CPU.Build.0 = Release|Any CPU
	EndGlobalSection
	GlobalSection(SolutionProperties) = preSolution
		HideSolutionNode = FALSE
	EndGlobalSection
	GlobalSection(ExtensibilityGlobals) = postSolution
		SolutionGuid = {BB690D98-37C1-4B5C-B4D2-C82385D1EE34}
	EndGlobalSection
EndGlobal
